{
  "name": "typescript-apps-script",
  "version": "1.0.0",
  "lockfileVersion": 2,
  "requires": true,
  "packages": {
    "": {
      "name": "typescript-apps-script",
      "version": "1.0.0",
      "license": "ISC",
      "devDependencies": {
        "@types/google-apps-script": "^1.0.50",
        "typescript": "^4.7.4"
      }
    },
    "node_modules/@types/google-apps-script": {
      "version": "1.0.50",
      "resolved": "https://registry.npmjs.org/@types/google-apps-script/-/google-apps-script-1.0.50.tgz",
      "integrity": "sha512-OZQN2ZPvFG25U5KUGUuHF+YpgJhvMz4dnLlm1LzPOy4Z7kcNMW8Nm4KfzpAFqieFId4DGLpA4SPZXPyEtMwPyg==",
      "dev": true
    },
    "node_modules/typescript": {
      "version": "4.7.4",
      "resolved": "https://registry.npmjs.org/typescript/-/typescript-4.7.4.tgz",
      "integrity": "sha512-C0WQT0gezHuw6AdY1M2jxUO83Rjf0HP7Sk1DtXj6j1EwkQNZrHAg2XPWlq62oqEhYvONq5pkC2Y9oPljWToLmQ==",
      "dev": true,
      "bin": {
        "tsc": "bin/tsc",
        "tsserver": "bin/tsserver"
      },
      "engines": {
        "node": ">=4.2.0"
      }
    }
  },
  "dependencies": {
    "@types/google-apps-script": {
      "version": "1.0.50",
      "resolved": "https://registry.npmjs.org/@types/google-apps-script/-/google-apps-script-1.0.50.tgz",
      "integrity": "sha512-OZQN2ZPvFG25U5KUGUuHF+YpgJhvMz4dnLlm1LzPOy4Z7kcNMW8Nm4KfzpAFqieFId4DGLpA4SPZXPyEtMwPyg==",
      "dev": true
    },
    "typescript": {
      "version": "4.7.4",
      "resolved": "https://registry.npmjs.org/typescript/-/typescript-4.7.4.tgz",
      "integrity": "sha512-C0WQT0gezHuw6AdY1M2jxUO83Rjf0HP7Sk1DtXj6j1EwkQNZrHAg2XPWlq62oqEhYvONq5pkC2Y9oPljWToLmQ==",
      "dev": true
    }
  }
}
